// !$*UTF8*$!
{
	archiveVersion = 1;
	classes = {
	};
	objectVersion = 46;
	objects = {

/* Begin PBXBuildFile section */
		968D9E511D08A3D5001A2B99 /* AppDelegate.swift in Sources */ = {isa = PBXBuildFile; fileRef = 968D9E501D08A3D5001A2B99 /* AppDelegate.swift */; };
		968D9E531D08A3D5001A2B99 /* ViewController.swift in Sources */ = {isa = PBXBuildFile; fileRef = 968D9E521D08A3D5001A2B99 /* ViewController.swift */; };
		968D9E561D08A3D6001A2B99 /* Main.storyboard in Resources */ = {isa = PBXBuildFile; fileRef = 968D9E541D08A3D6001A2B99 /* Main.storyboard */; };
		968D9E591D08A3D6001A2B99 /* six_scrum_poker.xcdatamodeld in Sources */ = {isa = PBXBuildFile; fileRef = 968D9E571D08A3D6001A2B99 /* six_scrum_poker.xcdatamodeld */; };
		968D9E5B1D08A3D6001A2B99 /* Assets.xcassets in Resources */ = {isa = PBXBuildFile; fileRef = 968D9E5A1D08A3D6001A2B99 /* Assets.xcassets */; };
		968D9E5E1D08A3D6001A2B99 /* LaunchScreen.storyboard in Resources */ = {isa = PBXBuildFile; fileRef = 968D9E5C1D08A3D6001A2B99 /* LaunchScreen.storyboard */; };
/* End PBXBuildFile section */

/* Begin PBXFileReference section */
		968D9E4D1D08A3D5001A2B99 /* six-scrum-poker.app */ = {isa = PBXFileReference; explicitFileType = wrapper.application; includeInIndex = 0; path = "six-scrum-poker.app"; sourceTree = BUILT_PRODUCTS_DIR; };
		968D9E501D08A3D5001A2B99 /* AppDelegate.swift */ = {isa = PBXFileReference; lastKnownFileType = sourcecode.swift; path = AppDelegate.swift; sourceTree = "<group>"; };
		968D9E521D08A3D5001A2B99 /* ViewController.swift */ = {isa = PBXFileReference; lastKnownFileType = sourcecode.swift; path = ViewController.swift; sourceTree = "<group>"; };
		968D9E551D08A3D6001A2B99 /* Base */ = {isa = PBXFileReference; lastKnownFileType = file.storyboard; name = Base; path = Base.lproj/Main.storyboard; sourceTree = "<group>"; };
		968D9E581D08A3D6001A2B99 /* six_scrum_poker.xcdatamodel */ = {isa = PBXFileReference; lastKnownFileType = wrapper.xcdatamodel; path = six_scrum_poker.xcdatamodel; sourceTree = "<group>"; };
		968D9E5A1D08A3D6001A2B99 /* Assets.xcassets */ = {isa = PBXFileReference; lastKnownFileType = folder.assetcatalog; path = Assets.xcassets; sourceTree = "<group>"; };
		968D9E5D1D08A3D6001A2B99 /* Base */ = {isa = PBXFileReference; lastKnownFileType = file.storyboard; name = Base; path = Base.lproj/LaunchScreen.storyboard; sourceTree = "<group>"; };
		968D9E5F1D08A3D6001A2B99 /* Info.plist */ = {isa = PBXFileReference; lastKnownFileType = text.plist.xml; path = Info.plist; sourceTree = "<group>"; };
/* End PBXFileReference section */

/* Begin PBXFrameworksBuildPhase section */
		968D9E4A1D08A3D5001A2B99 /* Frameworks */ = {
			isa = PBXFrameworksBuildPhase;
			buildActionMask = 2147483647;
			files = (
			);
			runOnlyForDeploymentPostprocessing = 0;
		};
/* End PBXFrameworksBuildPhase section */

/* Begin PBXGroup section */
		968D9E441D08A3D5001A2B99 = {
			isa = PBXGroup;
			children = (
				968D9E4F1D08A3D5001A2B99 /* six-scrum-poker */,
				968D9E4E1D08A3D5001A2B99 /* Products */,
			);
			sourceTree = "<group>";
		};
		968D9E4E1D08A3D5001A2B99 /* Products */ = {
			isa = PBXGroup;
			children = (
				968D9E4D1D08A3D5001A2B99 /* six-scrum-poker.app */,
			);
			name = Products;
			sourceTree = "<group>";
		};
		968D9E4F1D08A3D5001A2B99 /* six-scrum-poker */ = {
			isa = PBXGroup;
			children = (
				968D9E501D08A3D5001A2B99 /* AppDelegate.swift */,
				968D9E521D08A3D5001A2B99 /* ViewController.swift */,
				968D9E541D08A3D6001A2B99 /* Main.storyboard */,
				968D9E5A1D08A3D6001A2B99 /* Assets.xcassets */,
				968D9E5C1D08A3D6001A2B99 /* LaunchScreen.storyboard */,
				968D9E5F1D08A3D6001A2B99 /* Info.plist */,
				968D9E571D08A3D6001A2B99 /* six_scrum_poker.xcdatamodeld */,
			);
			path = "six-scrum-poker";
			sourceTree = "<group>";
		};
/* End PBXGroup section */

/* Begin PBXNativeTarget section */
		968D9E4C1D08A3D5001A2B99 /* six-scrum-poker */ = {
			isa = PBXNativeTarget;
			buildConfigurationList = 968D9E621D08A3D6001A2B99 /* Build configuration list for PBXNativeTarget "six-scrum-poker" */;
			buildPhases = (
				968D9E491D08A3D5001A2B99 /* Sources */,
				968D9E4A1D08A3D5001A2B99 /* Frameworks */,
				968D9E4B1D08A3D5001A2B99 /* Resources */,
			);
			buildRules = (
			);
			dependencies = (
			);
			name = "six-scrum-poker";
			productName = "six-scrum-poker";
			productReference = 968D9E4D1D08A3D5001A2B99 /* six-scrum-poker.app */;
			productType = "com.apple.product-type.application";
		};
/* End PBXNativeTarget section */

/* Begin PBXProject section */
		968D9E451D08A3D5001A2B99 /* Project object */ = {
			isa = PBXProject;
			attributes = {
				LastSwiftUpdateCheck = 0730;
				LastUpgradeCheck = 0730;
				ORGANIZATIONNAME = six.codecamp16;
				TargetAttributes = {
					968D9E4C1D08A3D5001A2B99 = {
						CreatedOnToolsVersion = 7.3.1;
						DevelopmentTeam = AMF69BSAU3;
					};
				};
			};
			buildConfigurationList = 968D9E481D08A3D5001A2B99 /* Build configuration list for PBXProject "six-scrum-poker" */;
			compatibilityVersion = "Xcode 3.2";
			developmentRegion = English;
			hasScannedForEncodings = 0;
			knownRegions = (
				en,
				Base,
			);
			mainGroup = 968D9E441D08A3D5001A2B99;
			productRefGroup = 968D9E4E1D08A3D5001A2B99 /* Products */;
			projectDirPath = "";
			projectRoot = "";
			targets = (
				968D9E4C1D08A3D5001A2B99 /* six-scrum-poker */,
			);
		};
/* End PBXProject section */

/* Begin PBXResourcesBuildPhase section */
		968D9E4B1D08A3D5001A2B99 /* Resources */ = {
			isa = PBXResourcesBuildPhase;
			buildActionMask = 2147483647;
			files = (
				968D9E5E1D08A3D6001A2B99 /* LaunchScreen.storyboard in Resources */,
				968D9E5B1D08A3D6001A2B99 /* Assets.xcassets in Resources */,
				968D9E561D08A3D6001A2B99 /* Main.storyboard in Resources */,
			);
			runOnlyForDeploymentPostprocessing = 0;
		};
/* End PBXResourcesBuildPhase section */

/* Begin PBXSourcesBuildPhase section */
		968D9E491D08A3D5001A2B99 /* Sources */ = {
			isa = PBXSourcesBuildPhase;
			buildActionMask = 2147483647;
			files = (
				968D9E591D08A3D6001A2B99 /* six_scrum_poker.xcdatamodeld in Sources */,
				968D9E531D08A3D5001A2B99 /* ViewController.swift in Sources */,
				968D9E511D08A3D5001A2B99 /* AppDelegate.swift in Sources */,
			);
			runOnlyForDeploymentPostprocessing = 0;
		};
/* End PBXSourcesBuildPhase section */

/* Begin PBXVariantGroup section */
		968D9E541D08A3D6001A2B99 /* Main.storyboard */ = {
			isa = PBXVariantGroup;
			children = (
				968D9E551D08A3D6001A2B99 /* Base */,
			);
			name = Main.storyboard;
			sourceTree = "<group>";
		};
		968D9E5C1D08A3D6001A2B99 /* LaunchScreen.storyboard */ = {
			isa = PBXVariantGroup;
			children = (
				968D9E5D1D08A3D6001A2B99 /* Base */,
			);
			name = LaunchScreen.storyboard;
			sourceTree = "<group>";
		};
/* End PBXVariantGroup section */

/* Begin XCBuildConfiguration section */
		968D9E601D08A3D6001A2B99 /* Debug */ = {
			isa = XCBuildConfiguration;
			buildSettings = {
				ALWAYS_SEARCH_USER_PATHS = NO;
				CLANG_ANALYZER_NONNULL = YES;
				CLANG_CXX_LANGUAGE_STANDARD = "gnu++0x";
				CLANG_CXX_LIBRARY = "libc++";
				CLANG_ENABLE_MODULES = YES;
				CLANG_ENABLE_OBJC_ARC = YES;
				CLANG_WARN_BOOL_CONVERSION = YES;
				CLANG_WARN_CONSTANT_CONVERSION = YES;
				CLANG_WARN_DIRECT_OBJC_ISA_USAGE = YES_ERROR;
				CLANG_WARN_EMPTY_BODY = YES;
				CLANG_WARN_ENUM_CONVERSION = YES;
				CLANG_WARN_INT_CONVERSION = YES;
				CLANG_WARN_OBJC_ROOT_CLASS = YES_ERROR;
				CLANG_WARN_UNREACHABLE_CODE = YES;
				CLANG_WARN__DUPLICATE_METHOD_MATCH = YES;
				"CODE_SIGN_IDENTITY[sdk=iphoneos*]" = "iPhone Developer";
				COPY_PHASE_STRIP = NO;
				DEBUG_INFORMATION_FORMAT = dwarf;
				ENABLE_STRICT_OBJC_MSGSEND = YES;
				ENABLE_TESTABILITY = YES;
				GCC_C_LANGUAGE_STANDARD = gnu99;
				GCC_DYNAMIC_NO_PIC = NO;
				GCC_NO_COMMON_BLOCKS = YES;
				GCC_OPTIMIZATION_LEVEL = 0;
				GCC_PREPROCESSOR_DEFINITIONS = (
					"DEBUG=1",
					"$(inherited)",
				);
				GCC_WARN_64_TO_32_BIT_CONVERSION = YES;
				GCC_WARN_ABOUT_RETURN_TYPE = YES_ERROR;
				GCC_WARN_UNDECLARED_SELECTOR = YES;
				GCC_WARN_UNINITIALIZED_AUTOS = YES_AGGRESSIVE;
				GCC_WARN_UNUSED_FUNCTION = YES;
				GCC_WARN_UNUSED_VARIABLE = YES;
				IPHONEOS_DEPLOYMENT_TARGET = 9.3;
				MTL_ENABLE_DEBUG_INFO = YES;
				ONLY_ACTIVE_ARCH = YES;
				SDKROOT = iphoneos;
				SWIFT_OPTIMIZATION_LEVEL = "-Onone";
			};
			name = Debug;
		};
		968D9E611D08A3D6001A2B99 /* Release */ = {
			isa = XCBuildConfiguration;
			buildSettings = {
				ALWAYS_SEARCH_USER_PATHS = NO;
				CLANG_ANALYZER_NONNULL = YES;
				CLANG_CXX_LANGUAGE_STANDARD = "gnu++0x";
				CLANG_CXX_LIBRARY = "libc++";
				CLANG_ENABLE_MODULES = YES;
				CLANG_ENABLE_OBJC_ARC = YES;
				CLANG_WARN_BOOL_CONVERSION = YES;
				CLANG_WARN_CONSTANT_CONVERSION = YES;
				CLANG_WARN_DIRECT_OBJC_ISA_USAGE = YES_ERROR;
				CLANG_WARN_EMPTY_BODY = YES;
				CLANG_WARN_ENUM_CONVERSION = YES;
				CLANG_WARN_INT_CONVERSION = YES;
				CLANG_WARN_OBJC_ROOT_CLASS = YES_ERROR;
				CLANG_WARN_UNREACHABLE_CODE = YES;
				CLANG_WARN__DUPLICATE_METHOD_MATCH = YES;
				"CODE_SIGN_IDENTITY[sdk=iphoneos*]" = "iPhone Developer";
				COPY_PHASE_STRIP = NO;
				DEBUG_INFORMATION_FORMAT = "dwarf-with-dsym";
				ENABLE_NS_ASSERTIONS = NO;
				ENABLE_STRICT_OBJC_MSGSEND = YES;
				GCC_C_LANGUAGE_STANDARD = gnu99;
				GCC_NO_COMMON_BLOCKS = YES;
				GCC_WARN_64_TO_32_BIT_CONVERSION = YES;
				GCC_WARN_ABOUT_RETURN_TYPE = YES_ERROR;
				GCC_WARN_UNDECLARED_SELECTOR = YES;
				GCC_WARN_UNINITIALIZED_AUTOS = YES_AGGRESSIVE;
				GCC_WARN_UNUSED_FUNCTION = YES;
				GCC_WARN_UNUSED_VARIABLE = YES;
				IPHONEOS_DEPLOYMENT_TARGET = 9.3;
				MTL_ENABLE_DEBUG_INFO = NO;
				SDKROOT = iphoneos;
				VALIDATE_PRODUCT = YES;
			};
			name = Release;
		};
		968D9E631D08A3D6001A2B99 /* Debug */ = {
			isa = XCBuildConfiguration;
			buildSettings = {
				ASSETCATALOG_COMPILER_APPICON_NAME = AppIcon;
				CODE_SIGN_IDENTITY = "iPhone Developer";
				INFOPLIST_FILE = "six-scrum-poker/Info.plist";
				LD_RUNPATH_SEARCH_PATHS = "$(inherited) @executable_path/Frameworks";
				PRODUCT_BUNDLE_IDENTIFIER = "ch.six.codecamp16.six-scrum-poker";
				PRODUCT_NAME = "$(TARGET_NAME)";
			};
			name = Debug;
		};
		968D9E641D08A3D6001A2B99 /* Release */ = {
			isa = XCBuildConfiguration;
			buildSettings = {
				ASSETCATALOG_COMPILER_APPICON_NAME = AppIcon;
				CODE_SIGN_IDENTITY = "iPhone Developer";
				INFOPLIST_FILE = "six-scrum-poker/Info.plist";
				LD_RUNPATH_SEARCH_PATHS = "$(inherited) @executable_path/Frameworks";
				PRODUCT_BUNDLE_IDENTIFIER = "ch.six.codecamp16.six-scrum-poker";
				PRODUCT_NAME = "$(TARGET_NAME)";
			};
			name = Release;
		};
/* End XCBuildConfiguration section */

/* Begin XCConfigurationList section */
		968D9E481D08A3D5001A2B99 /* Build configuration list for PBXProject "six-scrum-poker" */ = {
			isa = XCConfigurationList;
			buildConfigurations = (
				968D9E601D08A3D6001A2B99 /* Debug */,
				968D9E611D08A3D6001A2B99 /* Release */,
			);
			defaultConfigurationIsVisible = 0;
			defaultConfigurationName = Release;
		};
		968D9E621D08A3D6001A2B99 /* Build configuration list for PBXNativeTarget "six-scrum-poker" */ = {
			isa = XCConfigurationList;
			buildConfigurations = (
				968D9E631D08A3D6001A2B99 /* Debug */,
				968D9E641D08A3D6001A2B99 /* Release */,
			);
			defaultConfigurationIsVisible = 0;
		};
/* End XCConfigurationList section */

/* Begin XCVersionGroup section */
		968D9E571D08A3D6001A2B99 /* six_scrum_poker.xcdatamodeld */ = {
			isa = XCVersionGroup;
			children = (
				968D9E581D08A3D6001A2B99 /* six_scrum_poker.xcdatamodel */,
			);
			currentVersion = 968D9E581D08A3D6001A2B99 /* six_scrum_poker.xcdatamodel */;
			path = six_scrum_poker.xcdatamodeld;
			sourceTree = "<group>";
			versionGroupType = wrapper.xcdatamodel;
		};
/* End XCVersionGroup section */
	};
	rootObject = 968D9E451D08A3D5001A2B99 /* Project object */;
}
